<?xml version="1.0" encoding="utf-8"?>
<Project ToolsVersion="4.0" xmlns="http://schemas.microsoft.com/developer/msbuild/2003">
  <ItemGroup>
    <ClCompile Include="Base\Thread.cpp">
      <Filter>Base</Filter>
    </ClCompile>
    <ClCompile Include="Main\main.cpp">
      <Filter>Main</Filter>
    </ClCompile>
    <ClCompile Include="Base\HttpPacket.cpp">
      <Filter>Base</Filter>
    </ClCompile>
    <ClCompile Include="Base\HttpServer.cpp">
      <Filter>Base</Filter>
    </ClCompile>
  </ItemGroup>
  <ItemGroup>
    <ClInclude Include="Base\Uncopiable.h">
      <Filter>Base</Filter>
    </ClInclude>
    <ClInclude Include="Base\Lock.h">
      <Filter>Base</Filter>
    </ClInclude>
    <ClInclude Include="Base\Thread.h">
      <Filter>Base</Filter>
    </ClInclude>
    <ClInclude Include="Base\Singleton.h">
      <Filter>Base</Filter>
    </ClInclude>
    <ClInclude Include="Base\HttpPacket.h">
      <Filter>Base</Filter>
    </ClInclude>
    <ClInclude Include="Base\HttpServer.h">
      <Filter>Base</Filter>
    </ClInclude>
    <ClInclude Include="Base\CommonDefine.h">
      <Filter>Base</Filter>
    </ClInclude>
  </ItemGroup>
  <ItemGroup>
    <Filter Include="Base">
      <UniqueIdentifier>{fe098652-a1ca-494e-85a9-b1307cc5dae3}</UniqueIdentifier>
    </Filter>
    <Filter Include="Scripts">
      <UniqueIdentifier>{ac50176c-da0e-4162-b5bc-fd3eeb36cfb1}</UniqueIdentifier>
    </Filter>
    <Filter Include="Main">
      <UniqueIdentifier>{85edd087-e4c4-44e5-8951-6113debd302a}</UniqueIdentifier>
    </Filter>
  </ItemGroup>
  <ItemGroup>
    <None Include="makefile" />
    <None Include="Scripts\hello.lua">
      <Filter>Scripts</Filter>
    </None>
  </ItemGroup>
</Project>