<?xml version="1.0" encoding="utf-8"?>
<Project ToolsVersion="4.0" xmlns="http://schemas.microsoft.com/developer/msbuild/2003">
  <ItemGroup>
    <ClCompile Include="main.cpp" />
  </ItemGroup>
  <ItemGroup>
    <ClInclude Include="Base\Uncopiable.h">
      <Filter>Base</Filter>
    </ClInclude>
    <ClInclude Include="Base\Lock.h">
      <Filter>Base</Filter>
    </ClInclude>
  </ItemGroup>
  <ItemGroup>
    <Filter Include="Base">
      <UniqueIdentifier>{fe098652-a1ca-494e-85a9-b1307cc5dae3}</UniqueIdentifier>
    </Filter>
    <Filter Include="Scripts">
      <UniqueIdentifier>{ac50176c-da0e-4162-b5bc-fd3eeb36cfb1}</UniqueIdentifier>
    </Filter>
  </ItemGroup>
  <ItemGroup>
    <None Include="makefile" />
    <None Include="Scripts\hello.lua">
      <Filter>Scripts</Filter>
    </None>
  </ItemGroup>
</Project>